# THIS IS AN AUTOGENERATED FILE. DO NOT EDIT THIS FILE DIRECTLY.
# yarn lockfile v1


fastest-validator@^1.13.0:
  version "1.13.0"
  resolved "https://registry.yarnpkg.com/fastest-validator/-/fastest-validator-1.13.0.tgz#d144661d9c1546fe9a5e1b85d6544eed0da1fa19"
  integrity sha512-mDFnLPAQ1inK0Ql5xagQPgcdMP9TnUoun/O0lXjK6FJ1GEKI8CKEvcz0xXQmDWviUWHwLsSB1BSRindq1zc6Gw==

n-readlines@^1.0.1:
  version "1.0.1"
  resolved "https://registry.yarnpkg.com/n-readlines/-/n-readlines-1.0.1.tgz#bbb7364d38bc31a170a199f986fcacfa76b95f6e"
  integrity sha512-z4SyAIVgMy7CkgsoNw7YVz40v0g4+WWvvqy8+ZdHrCtgevcEO758WQyrYcw3XPxcLxF+//RszTz/rO48nzD0wQ==

validate-or-throw@^1.0.2:
  version "1.0.2"
  resolved "https://registry.yarnpkg.com/validate-or-throw/-/validate-or-throw-1.0.2.tgz#8f350dd41bc9c63b07e3504c4040580023831d5e"
  integrity sha512-9b0J0TfEzr+lQKL7J+cvuQlhW5UodcYOZvNaWHn3HuTceaXpDfQ0g6Yifo6TFtpiV6DlurwT8mMLkox3GlzF4A==
  dependencies:
    fastest-validator "^1.13.0"
